<?xml version="1.0" encoding="UTF-8"?>
<!DOCTYPE plist PUBLIC "-//Apple//DTD PLIST 1.0//EN" "http://www.apple.com/DTDs/PropertyList-1.0.dtd">
<plist version="1.0">
<dict>
	<key>archiveVersion</key>
	<string>1</string>
	<key>classes</key>
	<dict/>
	<key>objectVersion</key>
	<string>46</string>
	<key>objects</key>
	<dict>
		<key>060F489437634726917866DA</key>
		<dict>
			<key>fileRef</key>
			<string>A8FB6D27109E4541A3E9CF42</string>
			<key>isa</key>
			<string>PBXBuildFile</string>
			<key>settings</key>
			<dict/>
		</dict>
		<key>1298C313D8D64BCDB0EC2E5D</key>
		<dict>
			<key>buildActionMask</key>
			<string>2147483647</string>
			<key>files</key>
			<array/>
			<key>inputPaths</key>
			<array/>
			<key>isa</key>
			<string>PBXShellScriptBuildPhase</string>
			<key>name</key>
			<string>Check Pods Manifest.lock</string>
			<key>outputPaths</key>
			<array/>
			<key>runOnlyForDeploymentPostprocessing</key>
			<string>0</string>
			<key>shellPath</key>
			<string>/bin/sh</string>
			<key>shellScript</key>
			<string>diff "${PODS_ROOT}/../Podfile.lock" "${PODS_ROOT}/Manifest.lock" &gt; /dev/null
if [[ $? != 0 ]] ; then
    cat &lt;&lt; EOM
error: The sandbox is not in sync with the Podfile.lock. Run 'pod install' or update your CocoaPods installation.
EOM
    exit 1
fi
</string>
			<key>showEnvVarsInLog</key>
			<string>1</string>
		</dict>
		<key>6DE9D2C431004927851560B4</key>
		<dict>
			<key>includeInIndex</key>
			<string>1</string>
			<key>isa</key>
			<string>PBXFileReference</string>
			<key>lastKnownFileType</key>
			<string>text.xcconfig</string>
			<key>name</key>
			<string>Pods.xcconfig</string>
			<key>path</key>
			<string>Pods/Pods.xcconfig</string>
			<key>sourceTree</key>
			<string>SOURCE_ROOT</string>
		</dict>
		<key>A8FB6D27109E4541A3E9CF42</key>
		<dict>
			<key>explicitFileType</key>
			<string>archive.ar</string>
			<key>includeInIndex</key>
			<string>0</string>
			<key>isa</key>
			<string>PBXFileReference</string>
			<key>name</key>
			<string>libPods.a</string>
			<key>path</key>
			<string>libPods.a</string>
			<key>sourceTree</key>
			<string>BUILT_PRODUCTS_DIR</string>
		</dict>
		<key>AB61AEAF176CD3DD00C7306E</key>
		<dict>
			<key>children</key>
			<array>
				<string>AB61AEC1176CD3DD00C7306E</string>
				<string>AB61AEE0176CD3DD00C7306E</string>
				<string>AB61AEBA176CD3DD00C7306E</string>
				<string>AB61AEB9176CD3DD00C7306E</string>
				<string>6DE9D2C431004927851560B4</string>
			</array>
			<key>isa</key>
			<string>PBXGroup</string>
			<key>sourceTree</key>
			<string>&lt;group&gt;</string>
		</dict>
		<key>AB61AEB0176CD3DD00C7306E</key>
		<dict>
			<key>attributes</key>
			<dict>
				<key>CLASSPREFIX</key>
				<string>SPM</string>
				<key>LastUpgradeCheck</key>
				<string>0500</string>
				<key>ORGANIZATIONNAME</key>
				<string>HackDayTeamAwesome</string>
				<key>TargetAttributes</key>
				<dict>
					<key>AB61AEB7176CD3DD00C7306E</key>
					<dict>
						<key>SystemCapabilities</key>
						<dict>
							<key>com.apple.BackgroundModes</key>
							<dict>
								<key>enabled</key>
								<string>1</string>
							</dict>
						</dict>
					</dict>
					<key>AB61AED8176CD3DD00C7306E</key>
					<dict>
						<key>TestTargetID</key>
						<string>AB61AEB7176CD3DD00C7306E</string>
					</dict>
				</dict>
			</dict>
			<key>buildConfigurationList</key>
			<string>AB61AEB3176CD3DD00C7306E</string>
			<key>compatibilityVersion</key>
			<string>Xcode 3.2</string>
			<key>developmentRegion</key>
			<string>English</string>
			<key>hasScannedForEncodings</key>
			<string>0</string>
			<key>isa</key>
			<string>PBXProject</string>
			<key>knownRegions</key>
			<array>
				<string>en</string>
				<string>Base</string>
			</array>
			<key>mainGroup</key>
			<string>AB61AEAF176CD3DD00C7306E</string>
			<key>productRefGroup</key>
			<string>AB61AEB9176CD3DD00C7306E</string>
			<key>projectDirPath</key>
			<string></string>
			<key>projectReferences</key>
			<array/>
			<key>projectRoot</key>
			<string></string>
			<key>targets</key>
			<array>
				<string>AB61AEB7176CD3DD00C7306E</string>
				<string>AB61AED8176CD3DD00C7306E</string>
			</array>
		</dict>
		<key>AB61AEB3176CD3DD00C7306E</key>
		<dict>
			<key>buildConfigurations</key>
			<array>
				<string>AB61AEE8176CD3DD00C7306E</string>
				<string>AB61AEE9176CD3DD00C7306E</string>
			</array>
			<key>defaultConfigurationIsVisible</key>
			<string>0</string>
			<key>defaultConfigurationName</key>
			<string>Release</string>
			<key>isa</key>
			<string>XCConfigurationList</string>
		</dict>
		<key>AB61AEB4176CD3DD00C7306E</key>
		<dict>
			<key>buildActionMask</key>
			<string>2147483647</string>
			<key>files</key>
			<array>
				<string>AB61AED2176CD3DD00C7306E</string>
				<string>AB61AEC8176CD3DD00C7306E</string>
				<string>AB61AECC176CD3DD00C7306E</string>
				<string>AB61AEF5176CDD3D00C7306E</string>
				<string>AB61AEF4176CDD2400C7306E</string>
			</array>
			<key>isa</key>
			<string>PBXSourcesBuildPhase</string>
			<key>runOnlyForDeploymentPostprocessing</key>
			<string>0</string>
		</dict>
		<key>AB61AEB5176CD3DD00C7306E</key>
		<dict>
			<key>buildActionMask</key>
			<string>2147483647</string>
			<key>files</key>
			<array>
				<string>AB61AF00176CE2F200C7306E</string>
				<string>AB61AF01176CE2F200C7306E</string>
				<string>AB61AEFD176CDEF500C7306E</string>
				<string>AB61AEFB176CDE9B00C7306E</string>
				<string>AB61AEF9176CDE9700C7306E</string>
				<string>AB61AEBE176CD3DD00C7306E</string>
				<string>AB61AEC0176CD3DD00C7306E</string>
				<string>AB61AEBC176CD3DD00C7306E</string>
				<string>060F489437634726917866DA</string>
			</array>
			<key>isa</key>
			<string>PBXFrameworksBuildPhase</string>
			<key>runOnlyForDeploymentPostprocessing</key>
			<string>0</string>
		</dict>
		<key>AB61AEB6176CD3DD00C7306E</key>
		<dict>
			<key>buildActionMask</key>
			<string>2147483647</string>
			<key>files</key>
			<array>
				<string>AB61AEF7176CDDFF00C7306E</string>
				<string>AB61AED4176CD3DD00C7306E</string>
				<string>AB61AEC6176CD3DD00C7306E</string>
				<string>AB61AECF176CD3DD00C7306E</string>
			</array>
			<key>isa</key>
			<string>PBXResourcesBuildPhase</string>
			<key>runOnlyForDeploymentPostprocessing</key>
			<string>0</string>
		</dict>
		<key>AB61AEB7176CD3DD00C7306E</key>
		<dict>
			<key>buildConfigurationList</key>
			<string>AB61AEEA176CD3DD00C7306E</string>
			<key>buildPhases</key>
			<array>
				<string>1298C313D8D64BCDB0EC2E5D</string>
				<string>AB61AEB4176CD3DD00C7306E</string>
				<string>AB61AEB5176CD3DD00C7306E</string>
				<string>AB61AEB6176CD3DD00C7306E</string>
				<string>F0C38356A60346699B87A9D4</string>
			</array>
			<key>buildRules</key>
			<array/>
			<key>dependencies</key>
			<array/>
			<key>isa</key>
			<string>PBXNativeTarget</string>
			<key>name</key>
			<string>SpeakerMesh</string>
			<key>productName</key>
			<string>SpeakerMesh</string>
			<key>productReference</key>
			<string>AB61AEB8176CD3DD00C7306E</string>
			<key>productType</key>
			<string>com.apple.product-type.application</string>
		</dict>
		<key>AB61AEB8176CD3DD00C7306E</key>
		<dict>
			<key>explicitFileType</key>
			<string>wrapper.application</string>
			<key>includeInIndex</key>
			<string>0</string>
			<key>isa</key>
			<string>PBXFileReference</string>
			<key>path</key>
			<string>SpeakerMesh.app</string>
			<key>sourceTree</key>
			<string>BUILT_PRODUCTS_DIR</string>
		</dict>
		<key>AB61AEB9176CD3DD00C7306E</key>
		<dict>
			<key>children</key>
			<array>
				<string>AB61AEB8176CD3DD00C7306E</string>
				<string>AB61AED9176CD3DD00C7306E</string>
			</array>
			<key>isa</key>
			<string>PBXGroup</string>
			<key>name</key>
			<string>Products</string>
			<key>sourceTree</key>
			<string>&lt;group&gt;</string>
		</dict>
		<key>AB61AEBA176CD3DD00C7306E</key>
		<dict>
			<key>children</key>
			<array>
				<string>AB61AEFE176CE2F200C7306E</string>
				<string>AB61AEFF176CE2F200C7306E</string>
				<string>AB61AEFC176CDEF500C7306E</string>
				<string>AB61AEFA176CDE9B00C7306E</string>
				<string>AB61AEF8176CDE9700C7306E</string>
				<string>AB61AEBB176CD3DD00C7306E</string>
				<string>AB61AEBD176CD3DD00C7306E</string>
				<string>AB61AEBF176CD3DD00C7306E</string>
				<string>AB61AEDA176CD3DD00C7306E</string>
				<string>A8FB6D27109E4541A3E9CF42</string>
			</array>
			<key>isa</key>
			<string>PBXGroup</string>
			<key>name</key>
			<string>Frameworks</string>
			<key>sourceTree</key>
			<string>&lt;group&gt;</string>
		</dict>
		<key>AB61AEBB176CD3DD00C7306E</key>
		<dict>
			<key>isa</key>
			<string>PBXFileReference</string>
			<key>lastKnownFileType</key>
			<string>wrapper.framework</string>
			<key>name</key>
			<string>Foundation.framework</string>
			<key>path</key>
			<string>System/Library/Frameworks/Foundation.framework</string>
			<key>sourceTree</key>
			<string>SDKROOT</string>
		</dict>
		<key>AB61AEBC176CD3DD00C7306E</key>
		<dict>
			<key>fileRef</key>
			<string>AB61AEBB176CD3DD00C7306E</string>
			<key>isa</key>
			<string>PBXBuildFile</string>
		</dict>
		<key>AB61AEBD176CD3DD00C7306E</key>
		<dict>
			<key>isa</key>
			<string>PBXFileReference</string>
			<key>lastKnownFileType</key>
			<string>wrapper.framework</string>
			<key>name</key>
			<string>CoreGraphics.framework</string>
			<key>path</key>
			<string>System/Library/Frameworks/CoreGraphics.framework</string>
			<key>sourceTree</key>
			<string>SDKROOT</string>
		</dict>
		<key>AB61AEBE176CD3DD00C7306E</key>
		<dict>
			<key>fileRef</key>
			<string>AB61AEBD176CD3DD00C7306E</string>
			<key>isa</key>
			<string>PBXBuildFile</string>
		</dict>
		<key>AB61AEBF176CD3DD00C7306E</key>
		<dict>
			<key>isa</key>
			<string>PBXFileReference</string>
			<key>lastKnownFileType</key>
			<string>wrapper.framework</string>
			<key>name</key>
			<string>UIKit.framework</string>
			<key>path</key>
			<string>System/Library/Frameworks/UIKit.framework</string>
			<key>sourceTree</key>
			<string>SDKROOT</string>
		</dict>
		<key>AB61AEC0176CD3DD00C7306E</key>
		<dict>
			<key>fileRef</key>
			<string>AB61AEBF176CD3DD00C7306E</string>
			<key>isa</key>
			<string>PBXBuildFile</string>
		</dict>
		<key>AB61AEC1176CD3DD00C7306E</key>
		<dict>
			<key>children</key>
			<array>
				<string>AB61AECA176CD3DD00C7306E</string>
				<string>AB61AECB176CD3DD00C7306E</string>
				<string>AB61AECD176CD3DD00C7306E</string>
				<string>AB61AED0176CD3DD00C7306E</string>
				<string>AB61AED1176CD3DD00C7306E</string>
				<string>AB61AEF2176CDB7B00C7306E</string>
				<string>AB61AEF3176CDB7B00C7306E</string>
				<string>AB61AED3176CD3DD00C7306E</string>
				<string>AB61AEC2176CD3DD00C7306E</string>
				<string>AB61AEF0176CDB5700C7306E</string>
				<string>AB61AEF1176CDB5700C7306E</string>
			</array>
			<key>isa</key>
			<string>PBXGroup</string>
			<key>path</key>
			<string>SpeakerMesh</string>
			<key>sourceTree</key>
			<string>&lt;group&gt;</string>
		</dict>
		<key>AB61AEC2176CD3DD00C7306E</key>
		<dict>
			<key>children</key>
			<array>
				<string>AB61AEF6176CDDFF00C7306E</string>
				<string>AB61AEC3176CD3DD00C7306E</string>
				<string>AB61AEC4176CD3DD00C7306E</string>
				<string>AB61AEC7176CD3DD00C7306E</string>
				<string>AB61AEC9176CD3DD00C7306E</string>
			</array>
			<key>isa</key>
			<string>PBXGroup</string>
			<key>name</key>
			<string>Supporting Files</string>
			<key>sourceTree</key>
			<string>&lt;group&gt;</string>
		</dict>
		<key>AB61AEC3176CD3DD00C7306E</key>
		<dict>
			<key>isa</key>
			<string>PBXFileReference</string>
			<key>lastKnownFileType</key>
			<string>text.plist.xml</string>
			<key>path</key>
			<string>SpeakerMesh-Info.plist</string>
			<key>sourceTree</key>
			<string>&lt;group&gt;</string>
		</dict>
		<key>AB61AEC4176CD3DD00C7306E</key>
		<dict>
			<key>children</key>
			<array>
				<string>AB61AEC5176CD3DD00C7306E</string>
			</array>
			<key>isa</key>
			<string>PBXVariantGroup</string>
			<key>name</key>
			<string>InfoPlist.strings</string>
			<key>sourceTree</key>
			<string>&lt;group&gt;</string>
		</dict>
		<key>AB61AEC5176CD3DD00C7306E</key>
		<dict>
			<key>isa</key>
			<string>PBXFileReference</string>
			<key>lastKnownFileType</key>
			<string>text.plist.strings</string>
			<key>name</key>
			<string>en</string>
			<key>path</key>
			<string>en.lproj/InfoPlist.strings</string>
			<key>sourceTree</key>
			<string>&lt;group&gt;</string>
		</dict>
		<key>AB61AEC6176CD3DD00C7306E</key>
		<dict>
			<key>fileRef</key>
			<string>AB61AEC4176CD3DD00C7306E</string>
			<key>isa</key>
			<string>PBXBuildFile</string>
		</dict>
		<key>AB61AEC7176CD3DD00C7306E</key>
		<dict>
			<key>isa</key>
			<string>PBXFileReference</string>
			<key>lastKnownFileType</key>
			<string>sourcecode.c.objc</string>
			<key>path</key>
			<string>main.m</string>
			<key>sourceTree</key>
			<string>&lt;group&gt;</string>
		</dict>
		<key>AB61AEC8176CD3DD00C7306E</key>
		<dict>
			<key>fileRef</key>
			<string>AB61AEC7176CD3DD00C7306E</string>
			<key>isa</key>
			<string>PBXBuildFile</string>
		</dict>
		<key>AB61AEC9176CD3DD00C7306E</key>
		<dict>
			<key>isa</key>
			<string>PBXFileReference</string>
			<key>lastKnownFileType</key>
			<string>sourcecode.c.h</string>
			<key>path</key>
			<string>SpeakerMesh-Prefix.pch</string>
			<key>sourceTree</key>
			<string>&lt;group&gt;</string>
		</dict>
		<key>AB61AECA176CD3DD00C7306E</key>
		<dict>
			<key>isa</key>
			<string>PBXFileReference</string>
			<key>lastKnownFileType</key>
			<string>sourcecode.c.h</string>
			<key>path</key>
			<string>SPMAppDelegate.h</string>
			<key>sourceTree</key>
			<string>&lt;group&gt;</string>
		</dict>
		<key>AB61AECB176CD3DD00C7306E</key>
		<dict>
			<key>isa</key>
			<string>PBXFileReference</string>
			<key>lastKnownFileType</key>
			<string>sourcecode.c.objc</string>
			<key>path</key>
			<string>SPMAppDelegate.m</string>
			<key>sourceTree</key>
			<string>&lt;group&gt;</string>
		</dict>
		<key>AB61AECC176CD3DD00C7306E</key>
		<dict>
			<key>fileRef</key>
			<string>AB61AECB176CD3DD00C7306E</string>
			<key>isa</key>
			<string>PBXBuildFile</string>
		</dict>
		<key>AB61AECD176CD3DD00C7306E</key>
		<dict>
			<key>children</key>
			<array>
				<string>AB61AECE176CD3DD00C7306E</string>
			</array>
			<key>isa</key>
			<string>PBXVariantGroup</string>
			<key>name</key>
			<string>Main.storyboard</string>
			<key>sourceTree</key>
			<string>&lt;group&gt;</string>
		</dict>
		<key>AB61AECE176CD3DD00C7306E</key>
		<dict>
			<key>isa</key>
			<string>PBXFileReference</string>
			<key>lastKnownFileType</key>
			<string>file.storyboard</string>
			<key>name</key>
			<string>Base</string>
			<key>path</key>
			<string>Base.lproj/Main.storyboard</string>
			<key>sourceTree</key>
			<string>&lt;group&gt;</string>
		</dict>
		<key>AB61AECF176CD3DD00C7306E</key>
		<dict>
			<key>fileRef</key>
			<string>AB61AECD176CD3DD00C7306E</string>
			<key>isa</key>
			<string>PBXBuildFile</string>
		</dict>
		<key>AB61AED0176CD3DD00C7306E</key>
		<dict>
			<key>isa</key>
			<string>PBXFileReference</string>
			<key>lastKnownFileType</key>
			<string>sourcecode.c.h</string>
			<key>path</key>
			<string>SPMMainViewController.h</string>
			<key>sourceTree</key>
			<string>&lt;group&gt;</string>
		</dict>
		<key>AB61AED1176CD3DD00C7306E</key>
		<dict>
			<key>isa</key>
			<string>PBXFileReference</string>
			<key>lastKnownFileType</key>
			<string>sourcecode.c.objc</string>
			<key>path</key>
			<string>SPMMainViewController.m</string>
			<key>sourceTree</key>
			<string>&lt;group&gt;</string>
		</dict>
		<key>AB61AED2176CD3DD00C7306E</key>
		<dict>
			<key>fileRef</key>
			<string>AB61AED1176CD3DD00C7306E</string>
			<key>isa</key>
			<string>PBXBuildFile</string>
		</dict>
		<key>AB61AED3176CD3DD00C7306E</key>
		<dict>
			<key>isa</key>
			<string>PBXFileReference</string>
			<key>lastKnownFileType</key>
			<string>folder.assetcatalog</string>
			<key>path</key>
			<string>Images.xcassets</string>
			<key>sourceTree</key>
			<string>&lt;group&gt;</string>
		</dict>
		<key>AB61AED4176CD3DD00C7306E</key>
		<dict>
			<key>fileRef</key>
			<string>AB61AED3176CD3DD00C7306E</string>
			<key>isa</key>
			<string>PBXBuildFile</string>
		</dict>
		<key>AB61AED5176CD3DD00C7306E</key>
		<dict>
			<key>buildActionMask</key>
			<string>2147483647</string>
			<key>files</key>
			<array>
				<string>AB61AEE7176CD3DD00C7306E</string>
			</array>
			<key>isa</key>
			<string>PBXSourcesBuildPhase</string>
			<key>runOnlyForDeploymentPostprocessing</key>
			<string>0</string>
		</dict>
		<key>AB61AED6176CD3DD00C7306E</key>
		<dict>
			<key>buildActionMask</key>
			<string>2147483647</string>
			<key>files</key>
			<array>
				<string>AB61AEDB176CD3DD00C7306E</string>
				<string>AB61AEDD176CD3DD00C7306E</string>
				<string>AB61AEDC176CD3DD00C7306E</string>
			</array>
			<key>isa</key>
			<string>PBXFrameworksBuildPhase</string>
			<key>runOnlyForDeploymentPostprocessing</key>
			<string>0</string>
		</dict>
		<key>AB61AED7176CD3DD00C7306E</key>
		<dict>
			<key>buildActionMask</key>
			<string>2147483647</string>
			<key>files</key>
			<array>
				<string>AB61AEE5176CD3DD00C7306E</string>
			</array>
			<key>isa</key>
			<string>PBXResourcesBuildPhase</string>
			<key>runOnlyForDeploymentPostprocessing</key>
			<string>0</string>
		</dict>
		<key>AB61AED8176CD3DD00C7306E</key>
		<dict>
			<key>buildConfigurationList</key>
			<string>AB61AEED176CD3DD00C7306E</string>
			<key>buildPhases</key>
			<array>
				<string>AB61AED5176CD3DD00C7306E</string>
				<string>AB61AED6176CD3DD00C7306E</string>
				<string>AB61AED7176CD3DD00C7306E</string>
			</array>
			<key>buildRules</key>
			<array/>
			<key>dependencies</key>
			<array>
				<string>AB61AEDF176CD3DD00C7306E</string>
			</array>
			<key>isa</key>
			<string>PBXNativeTarget</string>
			<key>name</key>
			<string>SpeakerMeshTests</string>
			<key>productName</key>
			<string>SpeakerMeshTests</string>
			<key>productReference</key>
			<string>AB61AED9176CD3DD00C7306E</string>
			<key>productType</key>
			<string>com.apple.product-type.bundle.unit-test</string>
		</dict>
		<key>AB61AED9176CD3DD00C7306E</key>
		<dict>
			<key>explicitFileType</key>
			<string>wrapper.cfbundle</string>
			<key>includeInIndex</key>
			<string>0</string>
			<key>isa</key>
			<string>PBXFileReference</string>
			<key>path</key>
			<string>SpeakerMeshTests.xctest</string>
			<key>sourceTree</key>
			<string>BUILT_PRODUCTS_DIR</string>
		</dict>
		<key>AB61AEDA176CD3DD00C7306E</key>
		<dict>
			<key>isa</key>
			<string>PBXFileReference</string>
			<key>lastKnownFileType</key>
			<string>wrapper.framework</string>
			<key>name</key>
			<string>XCTest.framework</string>
			<key>path</key>
			<string>Library/Frameworks/XCTest.framework</string>
			<key>sourceTree</key>
			<string>DEVELOPER_DIR</string>
		</dict>
		<key>AB61AEDB176CD3DD00C7306E</key>
		<dict>
			<key>fileRef</key>
			<string>AB61AEDA176CD3DD00C7306E</string>
			<key>isa</key>
			<string>PBXBuildFile</string>
		</dict>
		<key>AB61AEDC176CD3DD00C7306E</key>
		<dict>
			<key>fileRef</key>
			<string>AB61AEBB176CD3DD00C7306E</string>
			<key>isa</key>
			<string>PBXBuildFile</string>
		</dict>
		<key>AB61AEDD176CD3DD00C7306E</key>
		<dict>
			<key>fileRef</key>
			<string>AB61AEBF176CD3DD00C7306E</string>
			<key>isa</key>
			<string>PBXBuildFile</string>
		</dict>
		<key>AB61AEDE176CD3DD00C7306E</key>
		<dict>
			<key>containerPortal</key>
			<string>AB61AEB0176CD3DD00C7306E</string>
			<key>isa</key>
			<string>PBXContainerItemProxy</string>
			<key>proxyType</key>
			<string>1</string>
			<key>remoteGlobalIDString</key>
			<string>AB61AEB7176CD3DD00C7306E</string>
			<key>remoteInfo</key>
			<string>SpeakerMesh</string>
		</dict>
		<key>AB61AEDF176CD3DD00C7306E</key>
		<dict>
			<key>isa</key>
			<string>PBXTargetDependency</string>
			<key>target</key>
			<string>AB61AEB7176CD3DD00C7306E</string>
			<key>targetProxy</key>
			<string>AB61AEDE176CD3DD00C7306E</string>
		</dict>
		<key>AB61AEE0176CD3DD00C7306E</key>
		<dict>
			<key>children</key>
			<array>
				<string>AB61AEE6176CD3DD00C7306E</string>
				<string>AB61AEE1176CD3DD00C7306E</string>
			</array>
			<key>isa</key>
			<string>PBXGroup</string>
			<key>path</key>
			<string>SpeakerMeshTests</string>
			<key>sourceTree</key>
			<string>&lt;group&gt;</string>
		</dict>
		<key>AB61AEE1176CD3DD00C7306E</key>
		<dict>
			<key>children</key>
			<array>
				<string>AB61AEE2176CD3DD00C7306E</string>
				<string>AB61AEE3176CD3DD00C7306E</string>
			</array>
			<key>isa</key>
			<string>PBXGroup</string>
			<key>name</key>
			<string>Supporting Files</string>
			<key>sourceTree</key>
			<string>&lt;group&gt;</string>
		</dict>
		<key>AB61AEE2176CD3DD00C7306E</key>
		<dict>
			<key>isa</key>
			<string>PBXFileReference</string>
			<key>lastKnownFileType</key>
			<string>text.plist.xml</string>
			<key>path</key>
			<string>SpeakerMeshTests-Info.plist</string>
			<key>sourceTree</key>
			<string>&lt;group&gt;</string>
		</dict>
		<key>AB61AEE3176CD3DD00C7306E</key>
		<dict>
			<key>children</key>
			<array>
				<string>AB61AEE4176CD3DD00C7306E</string>
			</array>
			<key>isa</key>
			<string>PBXVariantGroup</string>
			<key>name</key>
			<string>InfoPlist.strings</string>
			<key>sourceTree</key>
			<string>&lt;group&gt;</string>
		</dict>
		<key>AB61AEE4176CD3DD00C7306E</key>
		<dict>
			<key>isa</key>
			<string>PBXFileReference</string>
			<key>lastKnownFileType</key>
			<string>text.plist.strings</string>
			<key>name</key>
			<string>en</string>
			<key>path</key>
			<string>en.lproj/InfoPlist.strings</string>
			<key>sourceTree</key>
			<string>&lt;group&gt;</string>
		</dict>
		<key>AB61AEE5176CD3DD00C7306E</key>
		<dict>
			<key>fileRef</key>
			<string>AB61AEE3176CD3DD00C7306E</string>
			<key>isa</key>
			<string>PBXBuildFile</string>
		</dict>
		<key>AB61AEE6176CD3DD00C7306E</key>
		<dict>
			<key>isa</key>
			<string>PBXFileReference</string>
			<key>lastKnownFileType</key>
			<string>sourcecode.c.objc</string>
			<key>path</key>
			<string>SpeakerMeshTests.m</string>
			<key>sourceTree</key>
			<string>&lt;group&gt;</string>
		</dict>
		<key>AB61AEE7176CD3DD00C7306E</key>
		<dict>
			<key>fileRef</key>
			<string>AB61AEE6176CD3DD00C7306E</string>
			<key>isa</key>
			<string>PBXBuildFile</string>
		</dict>
		<key>AB61AEE8176CD3DD00C7306E</key>
		<dict>
			<key>buildSettings</key>
			<dict>
				<key>ALWAYS_SEARCH_USER_PATHS</key>
				<string>NO</string>
				<key>CLANG_CXX_LANGUAGE_STANDARD</key>
				<string>gnu++0x</string>
				<key>CLANG_CXX_LIBRARY</key>
				<string>libc++</string>
				<key>CLANG_ENABLE_MODULES</key>
				<string>YES</string>
				<key>CLANG_ENABLE_OBJC_ARC</key>
				<string>YES</string>
				<key>CLANG_WARN_BOOL_CONVERSION</key>
				<string>YES</string>
				<key>CLANG_WARN_CONSTANT_CONVERSION</key>
				<string>YES</string>
				<key>CLANG_WARN_DIRECT_OBJC_ISA_USAGE</key>
				<string>YES_ERROR</string>
				<key>CLANG_WARN_EMPTY_BODY</key>
				<string>YES</string>
				<key>CLANG_WARN_ENUM_CONVERSION</key>
				<string>YES</string>
				<key>CLANG_WARN_INT_CONVERSION</key>
				<string>YES</string>
				<key>CLANG_WARN_OBJC_ROOT_CLASS</key>
				<string>YES_ERROR</string>
				<key>CLANG_WARN__DUPLICATE_METHOD_MATCH</key>
				<string>YES</string>
				<key>CODE_SIGN_IDENTITY[sdk=iphoneos*]</key>
				<string>iPhone Developer</string>
				<key>COPY_PHASE_STRIP</key>
				<string>NO</string>
				<key>GCC_C_LANGUAGE_STANDARD</key>
				<string>gnu99</string>
				<key>GCC_DYNAMIC_NO_PIC</key>
				<string>NO</string>
				<key>GCC_OPTIMIZATION_LEVEL</key>
				<string>0</string>
				<key>GCC_PREPROCESSOR_DEFINITIONS</key>
				<array>
					<string>DEBUG=1</string>
					<string>$(inherited)</string>
				</array>
				<key>GCC_SYMBOLS_PRIVATE_EXTERN</key>
				<string>NO</string>
				<key>GCC_WARN_ABOUT_RETURN_TYPE</key>
				<string>YES_ERROR</string>
				<key>GCC_WARN_UNDECLARED_SELECTOR</key>
				<string>YES</string>
				<key>GCC_WARN_UNINITIALIZED_AUTOS</key>
				<string>YES</string>
				<key>GCC_WARN_UNUSED_FUNCTION</key>
				<string>YES</string>
				<key>GCC_WARN_UNUSED_VARIABLE</key>
				<string>YES</string>
				<key>IPHONEOS_DEPLOYMENT_TARGET</key>
				<string>7.0</string>
				<key>ONLY_ACTIVE_ARCH</key>
				<string>YES</string>
				<key>SDKROOT</key>
				<string>iphoneos</string>
			</dict>
			<key>isa</key>
			<string>XCBuildConfiguration</string>
			<key>name</key>
			<string>Debug</string>
		</dict>
		<key>AB61AEE9176CD3DD00C7306E</key>
		<dict>
			<key>buildSettings</key>
			<dict>
				<key>ALWAYS_SEARCH_USER_PATHS</key>
				<string>NO</string>
				<key>CLANG_CXX_LANGUAGE_STANDARD</key>
				<string>gnu++0x</string>
				<key>CLANG_CXX_LIBRARY</key>
				<string>libc++</string>
				<key>CLANG_ENABLE_MODULES</key>
				<string>YES</string>
				<key>CLANG_ENABLE_OBJC_ARC</key>
				<string>YES</string>
				<key>CLANG_WARN_BOOL_CONVERSION</key>
				<string>YES</string>
				<key>CLANG_WARN_CONSTANT_CONVERSION</key>
				<string>YES</string>
				<key>CLANG_WARN_DIRECT_OBJC_ISA_USAGE</key>
				<string>YES_ERROR</string>
				<key>CLANG_WARN_EMPTY_BODY</key>
				<string>YES</string>
				<key>CLANG_WARN_ENUM_CONVERSION</key>
				<string>YES</string>
				<key>CLANG_WARN_INT_CONVERSION</key>
				<string>YES</string>
				<key>CLANG_WARN_OBJC_ROOT_CLASS</key>
				<string>YES_ERROR</string>
				<key>CLANG_WARN__DUPLICATE_METHOD_MATCH</key>
				<string>YES</string>
				<key>CODE_SIGN_IDENTITY[sdk=iphoneos*]</key>
				<string>iPhone Developer</string>
				<key>COPY_PHASE_STRIP</key>
				<string>YES</string>
				<key>ENABLE_NS_ASSERTIONS</key>
				<string>NO</string>
				<key>GCC_C_LANGUAGE_STANDARD</key>
				<string>gnu99</string>
				<key>GCC_WARN_ABOUT_RETURN_TYPE</key>
				<string>YES_ERROR</string>
				<key>GCC_WARN_UNDECLARED_SELECTOR</key>
				<string>YES</string>
				<key>GCC_WARN_UNINITIALIZED_AUTOS</key>
				<string>YES</string>
				<key>GCC_WARN_UNUSED_FUNCTION</key>
				<string>YES</string>
				<key>GCC_WARN_UNUSED_VARIABLE</key>
				<string>YES</string>
				<key>IPHONEOS_DEPLOYMENT_TARGET</key>
				<string>7.0</string>
				<key>SDKROOT</key>
				<string>iphoneos</string>
				<key>VALIDATE_PRODUCT</key>
				<string>YES</string>
			</dict>
			<key>isa</key>
			<string>XCBuildConfiguration</string>
			<key>name</key>
			<string>Release</string>
		</dict>
		<key>AB61AEEA176CD3DD00C7306E</key>
		<dict>
			<key>buildConfigurations</key>
			<array>
				<string>AB61AEEB176CD3DD00C7306E</string>
				<string>AB61AEEC176CD3DD00C7306E</string>
			</array>
			<key>defaultConfigurationIsVisible</key>
			<string>0</string>
			<key>defaultConfigurationName</key>
			<string>Release</string>
			<key>isa</key>
			<string>XCConfigurationList</string>
		</dict>
		<key>AB61AEEB176CD3DD00C7306E</key>
		<dict>
			<key>baseConfigurationReference</key>
			<string>6DE9D2C431004927851560B4</string>
			<key>buildSettings</key>
			<dict>
				<key>ASSETCATALOG_COMPILER_APPICON_NAME</key>
				<string>AppIcon</string>
				<key>ASSETCATALOG_COMPILER_LAUNCHIMAGE_NAME</key>
				<string>LaunchImage</string>
				<key>GCC_PRECOMPILE_PREFIX_HEADER</key>
				<string>YES</string>
				<key>GCC_PREFIX_HEADER</key>
				<string>SpeakerMesh/SpeakerMesh-Prefix.pch</string>
				<key>INFOPLIST_FILE</key>
				<string>SpeakerMesh/SpeakerMesh-Info.plist</string>
				<key>PRODUCT_NAME</key>
				<string>$(TARGET_NAME)</string>
				<key>WRAPPER_EXTENSION</key>
				<string>app</string>
			</dict>
			<key>isa</key>
			<string>XCBuildConfiguration</string>
			<key>name</key>
			<string>Debug</string>
		</dict>
		<key>AB61AEEC176CD3DD00C7306E</key>
		<dict>
			<key>baseConfigurationReference</key>
			<string>6DE9D2C431004927851560B4</string>
			<key>buildSettings</key>
			<dict>
				<key>ASSETCATALOG_COMPILER_APPICON_NAME</key>
				<string>AppIcon</string>
				<key>ASSETCATALOG_COMPILER_LAUNCHIMAGE_NAME</key>
				<string>LaunchImage</string>
				<key>GCC_PRECOMPILE_PREFIX_HEADER</key>
				<string>YES</string>
				<key>GCC_PREFIX_HEADER</key>
				<string>SpeakerMesh/SpeakerMesh-Prefix.pch</string>
				<key>INFOPLIST_FILE</key>
				<string>SpeakerMesh/SpeakerMesh-Info.plist</string>
				<key>PRODUCT_NAME</key>
				<string>$(TARGET_NAME)</string>
				<key>WRAPPER_EXTENSION</key>
				<string>app</string>
			</dict>
			<key>isa</key>
			<string>XCBuildConfiguration</string>
			<key>name</key>
			<string>Release</string>
		</dict>
		<key>AB61AEED176CD3DD00C7306E</key>
		<dict>
			<key>buildConfigurations</key>
			<array>
				<string>AB61AEEE176CD3DD00C7306E</string>
				<string>AB61AEEF176CD3DD00C7306E</string>
			</array>
			<key>defaultConfigurationIsVisible</key>
			<string>0</string>
			<key>defaultConfigurationName</key>
			<string>Release</string>
			<key>isa</key>
			<string>XCConfigurationList</string>
		</dict>
		<key>AB61AEEE176CD3DD00C7306E</key>
		<dict>
			<key>buildSettings</key>
			<dict>
				<key>BUNDLE_LOADER</key>
				<string>$(BUILT_PRODUCTS_DIR)/SpeakerMesh.app/SpeakerMesh</string>
				<key>FRAMEWORK_SEARCH_PATHS</key>
				<array>
					<string>$(SDKROOT)/Developer/Library/Frameworks</string>
					<string>$(inherited)</string>
					<string>$(SYSTEM_APPS_DIR)/Xcode5-DP.app/Contents/Developer/Library/Frameworks</string>
				</array>
				<key>GCC_PRECOMPILE_PREFIX_HEADER</key>
				<string>YES</string>
				<key>GCC_PREFIX_HEADER</key>
				<string>SpeakerMesh/SpeakerMesh-Prefix.pch</string>
				<key>GCC_PREPROCESSOR_DEFINITIONS</key>
				<array>
					<string>DEBUG=1</string>
					<string>$(inherited)</string>
				</array>
				<key>INFOPLIST_FILE</key>
				<string>SpeakerMeshTests/SpeakerMeshTests-Info.plist</string>
				<key>PRODUCT_NAME</key>
				<string>$(TARGET_NAME)</string>
				<key>TEST_HOST</key>
				<string>$(BUNDLE_LOADER)</string>
				<key>WRAPPER_EXTENSION</key>
				<string>xctest</string>
			</dict>
			<key>isa</key>
			<string>XCBuildConfiguration</string>
			<key>name</key>
			<string>Debug</string>
		</dict>
		<key>AB61AEEF176CD3DD00C7306E</key>
		<dict>
			<key>buildSettings</key>
			<dict>
				<key>BUNDLE_LOADER</key>
				<string>$(BUILT_PRODUCTS_DIR)/SpeakerMesh.app/SpeakerMesh</string>
				<key>FRAMEWORK_SEARCH_PATHS</key>
				<array>
					<string>$(SDKROOT)/Developer/Library/Frameworks</string>
					<string>$(inherited)</string>
					<string>$(SYSTEM_APPS_DIR)/Xcode5-DP.app/Contents/Developer/Library/Frameworks</string>
				</array>
				<key>GCC_PRECOMPILE_PREFIX_HEADER</key>
				<string>YES</string>
				<key>GCC_PREFIX_HEADER</key>
				<string>SpeakerMesh/SpeakerMesh-Prefix.pch</string>
				<key>INFOPLIST_FILE</key>
				<string>SpeakerMeshTests/SpeakerMeshTests-Info.plist</string>
				<key>PRODUCT_NAME</key>
				<string>$(TARGET_NAME)</string>
				<key>TEST_HOST</key>
				<string>$(BUNDLE_LOADER)</string>
				<key>WRAPPER_EXTENSION</key>
				<string>xctest</string>
			</dict>
			<key>isa</key>
			<string>XCBuildConfiguration</string>
			<key>name</key>
			<string>Release</string>
		</dict>
		<key>AB61AEF0176CDB5700C7306E</key>
		<dict>
			<key>isa</key>
			<string>PBXFileReference</string>
			<key>lastKnownFileType</key>
			<string>sourcecode.c.h</string>
			<key>path</key>
			<string>SPMClientViewController.h</string>
			<key>sourceTree</key>
			<string>&lt;group&gt;</string>
		</dict>
		<key>AB61AEF1176CDB5700C7306E</key>
		<dict>
			<key>isa</key>
			<string>PBXFileReference</string>
			<key>lastKnownFileType</key>
			<string>sourcecode.c.objc</string>
			<key>path</key>
			<string>SPMClientViewController.m</string>
			<key>sourceTree</key>
			<string>&lt;group&gt;</string>
		</dict>
		<key>AB61AEF2176CDB7B00C7306E</key>
		<dict>
			<key>isa</key>
			<string>PBXFileReference</string>
			<key>lastKnownFileType</key>
			<string>sourcecode.c.h</string>
			<key>path</key>
			<string>SPMSpeakerViewController.h</string>
			<key>sourceTree</key>
			<string>&lt;group&gt;</string>
		</dict>
		<key>AB61AEF3176CDB7B00C7306E</key>
		<dict>
			<key>isa</key>
			<string>PBXFileReference</string>
			<key>lastKnownFileType</key>
			<string>sourcecode.c.objc</string>
			<key>path</key>
			<string>SPMSpeakerViewController.m</string>
			<key>sourceTree</key>
			<string>&lt;group&gt;</string>
		</dict>
		<key>AB61AEF4176CDD2400C7306E</key>
		<dict>
			<key>fileRef</key>
			<string>AB61AEF3176CDB7B00C7306E</string>
			<key>isa</key>
			<string>PBXBuildFile</string>
		</dict>
		<key>AB61AEF5176CDD3D00C7306E</key>
		<dict>
			<key>fileRef</key>
			<string>AB61AEF1176CDB5700C7306E</string>
			<key>isa</key>
			<string>PBXBuildFile</string>
		</dict>
		<key>AB61AEF6176CDDFF00C7306E</key>
		<dict>
			<key>isa</key>
			<string>PBXFileReference</string>
			<key>lastKnownFileType</key>
			<string>audio.mp3</string>
			<key>path</key>
			<string>04 - Johnny Cash - Folsom Prison Blues [Live].mp3</string>
			<key>sourceTree</key>
			<string>&lt;group&gt;</string>
		</dict>
		<key>AB61AEF7176CDDFF00C7306E</key>
		<dict>
			<key>fileRef</key>
			<string>AB61AEF6176CDDFF00C7306E</string>
			<key>isa</key>
			<string>PBXBuildFile</string>
		</dict>
		<key>AB61AEF8176CDE9700C7306E</key>
		<dict>
			<key>isa</key>
			<string>PBXFileReference</string>
			<key>lastKnownFileType</key>
			<string>wrapper.framework</string>
			<key>name</key>
			<string>CoreAudio.framework</string>
			<key>path</key>
			<string>System/Library/Frameworks/CoreAudio.framework</string>
			<key>sourceTree</key>
			<string>SDKROOT</string>
		</dict>
		<key>AB61AEF9176CDE9700C7306E</key>
		<dict>
			<key>fileRef</key>
			<string>AB61AEF8176CDE9700C7306E</string>
			<key>isa</key>
			<string>PBXBuildFile</string>
		</dict>
		<key>AB61AEFA176CDE9B00C7306E</key>
		<dict>
			<key>isa</key>
			<string>PBXFileReference</string>
			<key>lastKnownFileType</key>
			<string>wrapper.framework</string>
			<key>name</key>
			<string>AVFoundation.framework</string>
			<key>path</key>
			<string>System/Library/Frameworks/AVFoundation.framework</string>
			<key>sourceTree</key>
			<string>SDKROOT</string>
		</dict>
		<key>AB61AEFB176CDE9B00C7306E</key>
		<dict>
			<key>fileRef</key>
			<string>AB61AEFA176CDE9B00C7306E</string>
			<key>isa</key>
			<string>PBXBuildFile</string>
		</dict>
		<key>AB61AEFC176CDEF500C7306E</key>
		<dict>
			<key>isa</key>
			<string>PBXFileReference</string>
			<key>lastKnownFileType</key>
			<string>wrapper.framework</string>
			<key>name</key>
			<string>AudioToolbox.framework</string>
			<key>path</key>
			<string>System/Library/Frameworks/AudioToolbox.framework</string>
			<key>sourceTree</key>
			<string>SDKROOT</string>
		</dict>
		<key>AB61AEFD176CDEF500C7306E</key>
		<dict>
			<key>fileRef</key>
			<string>AB61AEFC176CDEF500C7306E</string>
			<key>isa</key>
			<string>PBXBuildFile</string>
		</dict>
		<key>AB61AEFE176CE2F200C7306E</key>
		<dict>
			<key>isa</key>
			<string>PBXFileReference</string>
			<key>lastKnownFileType</key>
			<string>wrapper.framework</string>
			<key>name</key>
			<string>CoreBluetooth.framework</string>
			<key>path</key>
			<string>System/Library/Frameworks/CoreBluetooth.framework</string>
			<key>sourceTree</key>
			<string>SDKROOT</string>
		</dict>
		<key>AB61AEFF176CE2F200C7306E</key>
		<dict>
			<key>isa</key>
			<string>PBXFileReference</string>
			<key>lastKnownFileType</key>
			<string>wrapper.framework</string>
			<key>name</key>
			<string>CoreLocation.framework</string>
			<key>path</key>
			<string>System/Library/Frameworks/CoreLocation.framework</string>
			<key>sourceTree</key>
			<string>SDKROOT</string>
		</dict>
		<key>AB61AF00176CE2F200C7306E</key>
		<dict>
			<key>fileRef</key>
			<string>AB61AEFE176CE2F200C7306E</string>
			<key>isa</key>
			<string>PBXBuildFile</string>
		</dict>
		<key>AB61AF01176CE2F200C7306E</key>
		<dict>
			<key>fileRef</key>
			<string>AB61AEFF176CE2F200C7306E</string>
			<key>isa</key>
			<string>PBXBuildFile</string>
		</dict>
		<key>F0C38356A60346699B87A9D4</key>
		<dict>
			<key>buildActionMask</key>
			<string>2147483647</string>
			<key>files</key>
			<array/>
			<key>inputPaths</key>
			<array/>
			<key>isa</key>
			<string>PBXShellScriptBuildPhase</string>
			<key>name</key>
			<string>Copy Pods Resources</string>
			<key>outputPaths</key>
			<array/>
			<key>runOnlyForDeploymentPostprocessing</key>
			<string>0</string>
			<key>shellPath</key>
			<string>/bin/sh</string>
			<key>shellScript</key>
			<string>"${SRCROOT}/Pods/Pods-resources.sh"
</string>
			<key>showEnvVarsInLog</key>
			<string>1</string>
		</dict>
	</dict>
	<key>rootObject</key>
	<string>AB61AEB0176CD3DD00C7306E</string>
</dict>
</plist>
