// !$*UTF8*$!
{
	archiveVersion = 1;
	classes = {
	};
	objectVersion = 46;
	objects = {

/* Begin PBXBuildFile section */
		AB61AEBC176CD3DD00C7306E /* Foundation.framework in Frameworks */ = {isa = PBXBuildFile; fileRef = AB61AEBB176CD3DD00C7306E /* Foundation.framework */; };
		AB61AEBE176CD3DD00C7306E /* CoreGraphics.framework in Frameworks */ = {isa = PBXBuildFile; fileRef = AB61AEBD176CD3DD00C7306E /* CoreGraphics.framework */; };
		AB61AEC0176CD3DD00C7306E /* UIKit.framework in Frameworks */ = {isa = PBXBuildFile; fileRef = AB61AEBF176CD3DD00C7306E /* UIKit.framework */; };
		AB61AEC6176CD3DD00C7306E /* InfoPlist.strings in Resources */ = {isa = PBXBuildFile; fileRef = AB61AEC4176CD3DD00C7306E /* InfoPlist.strings */; };
		AB61AEC8176CD3DD00C7306E /* main.m in Sources */ = {isa = PBXBuildFile; fileRef = AB61AEC7176CD3DD00C7306E /* main.m */; };
		AB61AECC176CD3DD00C7306E /* SPMAppDelegate.m in Sources */ = {isa = PBXBuildFile; fileRef = AB61AECB176CD3DD00C7306E /* SPMAppDelegate.m */; };
		AB61AECF176CD3DD00C7306E /* Main.storyboard in Resources */ = {isa = PBXBuildFile; fileRef = AB61AECD176CD3DD00C7306E /* Main.storyboard */; };
		AB61AED2176CD3DD00C7306E /* SPMMainViewController.m in Sources */ = {isa = PBXBuildFile; fileRef = AB61AED1176CD3DD00C7306E /* SPMMainViewController.m */; };
		AB61AED4176CD3DD00C7306E /* Images.xcassets in Resources */ = {isa = PBXBuildFile; fileRef = AB61AED3176CD3DD00C7306E /* Images.xcassets */; };
		AB61AEDB176CD3DD00C7306E /* XCTest.framework in Frameworks */ = {isa = PBXBuildFile; fileRef = AB61AEDA176CD3DD00C7306E /* XCTest.framework */; };
		AB61AEDC176CD3DD00C7306E /* Foundation.framework in Frameworks */ = {isa = PBXBuildFile; fileRef = AB61AEBB176CD3DD00C7306E /* Foundation.framework */; };
		AB61AEDD176CD3DD00C7306E /* UIKit.framework in Frameworks */ = {isa = PBXBuildFile; fileRef = AB61AEBF176CD3DD00C7306E /* UIKit.framework */; };
		AB61AEE5176CD3DD00C7306E /* InfoPlist.strings in Resources */ = {isa = PBXBuildFile; fileRef = AB61AEE3176CD3DD00C7306E /* InfoPlist.strings */; };
		AB61AEE7176CD3DD00C7306E /* SpeakerMeshTests.m in Sources */ = {isa = PBXBuildFile; fileRef = AB61AEE6176CD3DD00C7306E /* SpeakerMeshTests.m */; };
		AB61AEF4176CDD2400C7306E /* SPMSpeakerViewController.m in Sources */ = {isa = PBXBuildFile; fileRef = AB61AEF3176CDB7B00C7306E /* SPMSpeakerViewController.m */; };
		AB61AEF5176CDD3D00C7306E /* SPMClientViewController.m in Sources */ = {isa = PBXBuildFile; fileRef = AB61AEF1176CDB5700C7306E /* SPMClientViewController.m */; };
		AB61AEF7176CDDFF00C7306E /* 04 - Johnny Cash - Folsom Prison Blues [Live].mp3 in Resources */ = {isa = PBXBuildFile; fileRef = AB61AEF6176CDDFF00C7306E /* 04 - Johnny Cash - Folsom Prison Blues [Live].mp3 */; };
		AB61AEF9176CDE9700C7306E /* CoreAudio.framework in Frameworks */ = {isa = PBXBuildFile; fileRef = AB61AEF8176CDE9700C7306E /* CoreAudio.framework */; };
		AB61AEFB176CDE9B00C7306E /* AVFoundation.framework in Frameworks */ = {isa = PBXBuildFile; fileRef = AB61AEFA176CDE9B00C7306E /* AVFoundation.framework */; };
		AB61AEFD176CDEF500C7306E /* AudioToolbox.framework in Frameworks */ = {isa = PBXBuildFile; fileRef = AB61AEFC176CDEF500C7306E /* AudioToolbox.framework */; };
/* End PBXBuildFile section */

/* Begin PBXContainerItemProxy section */
		AB61AEDE176CD3DD00C7306E /* PBXContainerItemProxy */ = {
			isa = PBXContainerItemProxy;
			containerPortal = AB61AEB0176CD3DD00C7306E /* Project object */;
			proxyType = 1;
			remoteGlobalIDString = AB61AEB7176CD3DD00C7306E;
			remoteInfo = SpeakerMesh;
		};
/* End PBXContainerItemProxy section */

/* Begin PBXFileReference section */
		AB61AEB8176CD3DD00C7306E /* SpeakerMesh.app */ = {isa = PBXFileReference; explicitFileType = wrapper.application; includeInIndex = 0; path = SpeakerMesh.app; sourceTree = BUILT_PRODUCTS_DIR; };
		AB61AEBB176CD3DD00C7306E /* Foundation.framework */ = {isa = PBXFileReference; lastKnownFileType = wrapper.framework; name = Foundation.framework; path = System/Library/Frameworks/Foundation.framework; sourceTree = SDKROOT; };
		AB61AEBD176CD3DD00C7306E /* CoreGraphics.framework */ = {isa = PBXFileReference; lastKnownFileType = wrapper.framework; name = CoreGraphics.framework; path = System/Library/Frameworks/CoreGraphics.framework; sourceTree = SDKROOT; };
		AB61AEBF176CD3DD00C7306E /* UIKit.framework */ = {isa = PBXFileReference; lastKnownFileType = wrapper.framework; name = UIKit.framework; path = System/Library/Frameworks/UIKit.framework; sourceTree = SDKROOT; };
		AB61AEC3176CD3DD00C7306E /* SpeakerMesh-Info.plist */ = {isa = PBXFileReference; lastKnownFileType = text.plist.xml; path = "SpeakerMesh-Info.plist"; sourceTree = "<group>"; };
		AB61AEC5176CD3DD00C7306E /* en */ = {isa = PBXFileReference; lastKnownFileType = text.plist.strings; name = en; path = en.lproj/InfoPlist.strings; sourceTree = "<group>"; };
		AB61AEC7176CD3DD00C7306E /* main.m */ = {isa = PBXFileReference; lastKnownFileType = sourcecode.c.objc; path = main.m; sourceTree = "<group>"; };
		AB61AEC9176CD3DD00C7306E /* SpeakerMesh-Prefix.pch */ = {isa = PBXFileReference; lastKnownFileType = sourcecode.c.h; path = "SpeakerMesh-Prefix.pch"; sourceTree = "<group>"; };
		AB61AECA176CD3DD00C7306E /* SPMAppDelegate.h */ = {isa = PBXFileReference; lastKnownFileType = sourcecode.c.h; path = SPMAppDelegate.h; sourceTree = "<group>"; };
		AB61AECB176CD3DD00C7306E /* SPMAppDelegate.m */ = {isa = PBXFileReference; lastKnownFileType = sourcecode.c.objc; path = SPMAppDelegate.m; sourceTree = "<group>"; };
		AB61AECE176CD3DD00C7306E /* Base */ = {isa = PBXFileReference; lastKnownFileType = file.storyboard; name = Base; path = Base.lproj/Main.storyboard; sourceTree = "<group>"; };
		AB61AED0176CD3DD00C7306E /* SPMMainViewController.h */ = {isa = PBXFileReference; lastKnownFileType = sourcecode.c.h; path = SPMMainViewController.h; sourceTree = "<group>"; };
		AB61AED1176CD3DD00C7306E /* SPMMainViewController.m */ = {isa = PBXFileReference; lastKnownFileType = sourcecode.c.objc; path = SPMMainViewController.m; sourceTree = "<group>"; };
		AB61AED3176CD3DD00C7306E /* Images.xcassets */ = {isa = PBXFileReference; lastKnownFileType = folder.assetcatalog; path = Images.xcassets; sourceTree = "<group>"; };
		AB61AED9176CD3DD00C7306E /* SpeakerMeshTests.xctest */ = {isa = PBXFileReference; explicitFileType = wrapper.cfbundle; includeInIndex = 0; path = SpeakerMeshTests.xctest; sourceTree = BUILT_PRODUCTS_DIR; };
		AB61AEDA176CD3DD00C7306E /* XCTest.framework */ = {isa = PBXFileReference; lastKnownFileType = wrapper.framework; name = XCTest.framework; path = Library/Frameworks/XCTest.framework; sourceTree = DEVELOPER_DIR; };
		AB61AEE2176CD3DD00C7306E /* SpeakerMeshTests-Info.plist */ = {isa = PBXFileReference; lastKnownFileType = text.plist.xml; path = "SpeakerMeshTests-Info.plist"; sourceTree = "<group>"; };
		AB61AEE4176CD3DD00C7306E /* en */ = {isa = PBXFileReference; lastKnownFileType = text.plist.strings; name = en; path = en.lproj/InfoPlist.strings; sourceTree = "<group>"; };
		AB61AEE6176CD3DD00C7306E /* SpeakerMeshTests.m */ = {isa = PBXFileReference; lastKnownFileType = sourcecode.c.objc; path = SpeakerMeshTests.m; sourceTree = "<group>"; };
		AB61AEF0176CDB5700C7306E /* SPMClientViewController.h */ = {isa = PBXFileReference; lastKnownFileType = sourcecode.c.h; path = SPMClientViewController.h; sourceTree = "<group>"; };
		AB61AEF1176CDB5700C7306E /* SPMClientViewController.m */ = {isa = PBXFileReference; lastKnownFileType = sourcecode.c.objc; path = SPMClientViewController.m; sourceTree = "<group>"; };
		AB61AEF2176CDB7B00C7306E /* SPMSpeakerViewController.h */ = {isa = PBXFileReference; lastKnownFileType = sourcecode.c.h; path = SPMSpeakerViewController.h; sourceTree = "<group>"; };
		AB61AEF3176CDB7B00C7306E /* SPMSpeakerViewController.m */ = {isa = PBXFileReference; lastKnownFileType = sourcecode.c.objc; path = SPMSpeakerViewController.m; sourceTree = "<group>"; };
		AB61AEF6176CDDFF00C7306E /* 04 - Johnny Cash - Folsom Prison Blues [Live].mp3 */ = {isa = PBXFileReference; lastKnownFileType = audio.mp3; path = "04 - Johnny Cash - Folsom Prison Blues [Live].mp3"; sourceTree = "<group>"; };
		AB61AEF8176CDE9700C7306E /* CoreAudio.framework */ = {isa = PBXFileReference; lastKnownFileType = wrapper.framework; name = CoreAudio.framework; path = System/Library/Frameworks/CoreAudio.framework; sourceTree = SDKROOT; };
		AB61AEFA176CDE9B00C7306E /* AVFoundation.framework */ = {isa = PBXFileReference; lastKnownFileType = wrapper.framework; name = AVFoundation.framework; path = System/Library/Frameworks/AVFoundation.framework; sourceTree = SDKROOT; };
		AB61AEFC176CDEF500C7306E /* AudioToolbox.framework */ = {isa = PBXFileReference; lastKnownFileType = wrapper.framework; name = AudioToolbox.framework; path = System/Library/Frameworks/AudioToolbox.framework; sourceTree = SDKROOT; };
/* End PBXFileReference section */

/* Begin PBXFrameworksBuildPhase section */
		AB61AEB5176CD3DD00C7306E /* Frameworks */ = {
			isa = PBXFrameworksBuildPhase;
			buildActionMask = 2147483647;
			files = (
				AB61AEFD176CDEF500C7306E /* AudioToolbox.framework in Frameworks */,
				AB61AEFB176CDE9B00C7306E /* AVFoundation.framework in Frameworks */,
				AB61AEF9176CDE9700C7306E /* CoreAudio.framework in Frameworks */,
				AB61AEBE176CD3DD00C7306E /* CoreGraphics.framework in Frameworks */,
				AB61AEC0176CD3DD00C7306E /* UIKit.framework in Frameworks */,
				AB61AEBC176CD3DD00C7306E /* Foundation.framework in Frameworks */,
			);
			runOnlyForDeploymentPostprocessing = 0;
		};
		AB61AED6176CD3DD00C7306E /* Frameworks */ = {
			isa = PBXFrameworksBuildPhase;
			buildActionMask = 2147483647;
			files = (
				AB61AEDB176CD3DD00C7306E /* XCTest.framework in Frameworks */,
				AB61AEDD176CD3DD00C7306E /* UIKit.framework in Frameworks */,
				AB61AEDC176CD3DD00C7306E /* Foundation.framework in Frameworks */,
			);
			runOnlyForDeploymentPostprocessing = 0;
		};
/* End PBXFrameworksBuildPhase section */

/* Begin PBXGroup section */
		AB61AEAF176CD3DD00C7306E = {
			isa = PBXGroup;
			children = (
				AB61AEC1176CD3DD00C7306E /* SpeakerMesh */,
				AB61AEE0176CD3DD00C7306E /* SpeakerMeshTests */,
				AB61AEBA176CD3DD00C7306E /* Frameworks */,
				AB61AEB9176CD3DD00C7306E /* Products */,
			);
			sourceTree = "<group>";
		};
		AB61AEB9176CD3DD00C7306E /* Products */ = {
			isa = PBXGroup;
			children = (
				AB61AEB8176CD3DD00C7306E /* SpeakerMesh.app */,
				AB61AED9176CD3DD00C7306E /* SpeakerMeshTests.xctest */,
			);
			name = Products;
			sourceTree = "<group>";
		};
		AB61AEBA176CD3DD00C7306E /* Frameworks */ = {
			isa = PBXGroup;
			children = (
				AB61AEFC176CDEF500C7306E /* AudioToolbox.framework */,
				AB61AEFA176CDE9B00C7306E /* AVFoundation.framework */,
				AB61AEF8176CDE9700C7306E /* CoreAudio.framework */,
				AB61AEBB176CD3DD00C7306E /* Foundation.framework */,
				AB61AEBD176CD3DD00C7306E /* CoreGraphics.framework */,
				AB61AEBF176CD3DD00C7306E /* UIKit.framework */,
				AB61AEDA176CD3DD00C7306E /* XCTest.framework */,
			);
			name = Frameworks;
			sourceTree = "<group>";
		};
		AB61AEC1176CD3DD00C7306E /* SpeakerMesh */ = {
			isa = PBXGroup;
			children = (
				AB61AECA176CD3DD00C7306E /* SPMAppDelegate.h */,
				AB61AECB176CD3DD00C7306E /* SPMAppDelegate.m */,
				AB61AECD176CD3DD00C7306E /* Main.storyboard */,
				AB61AED0176CD3DD00C7306E /* SPMMainViewController.h */,
				AB61AED1176CD3DD00C7306E /* SPMMainViewController.m */,
				AB61AEF2176CDB7B00C7306E /* SPMSpeakerViewController.h */,
				AB61AEF3176CDB7B00C7306E /* SPMSpeakerViewController.m */,
				AB61AED3176CD3DD00C7306E /* Images.xcassets */,
				AB61AEC2176CD3DD00C7306E /* Supporting Files */,
				AB61AEF0176CDB5700C7306E /* SPMClientViewController.h */,
				AB61AEF1176CDB5700C7306E /* SPMClientViewController.m */,
			);
			path = SpeakerMesh;
			sourceTree = "<group>";
		};
		AB61AEC2176CD3DD00C7306E /* Supporting Files */ = {
			isa = PBXGroup;
			children = (
				AB61AEF6176CDDFF00C7306E /* 04 - Johnny Cash - Folsom Prison Blues [Live].mp3 */,
				AB61AEC3176CD3DD00C7306E /* SpeakerMesh-Info.plist */,
				AB61AEC4176CD3DD00C7306E /* InfoPlist.strings */,
				AB61AEC7176CD3DD00C7306E /* main.m */,
				AB61AEC9176CD3DD00C7306E /* SpeakerMesh-Prefix.pch */,
			);
			name = "Supporting Files";
			sourceTree = "<group>";
		};
		AB61AEE0176CD3DD00C7306E /* SpeakerMeshTests */ = {
			isa = PBXGroup;
			children = (
				AB61AEE6176CD3DD00C7306E /* SpeakerMeshTests.m */,
				AB61AEE1176CD3DD00C7306E /* Supporting Files */,
			);
			path = SpeakerMeshTests;
			sourceTree = "<group>";
		};
		AB61AEE1176CD3DD00C7306E /* Supporting Files */ = {
			isa = PBXGroup;
			children = (
				AB61AEE2176CD3DD00C7306E /* SpeakerMeshTests-Info.plist */,
				AB61AEE3176CD3DD00C7306E /* InfoPlist.strings */,
			);
			name = "Supporting Files";
			sourceTree = "<group>";
		};
/* End PBXGroup section */

/* Begin PBXNativeTarget section */
		AB61AEB7176CD3DD00C7306E /* SpeakerMesh */ = {
			isa = PBXNativeTarget;
			buildConfigurationList = AB61AEEA176CD3DD00C7306E /* Build configuration list for PBXNativeTarget "SpeakerMesh" */;
			buildPhases = (
				AB61AEB4176CD3DD00C7306E /* Sources */,
				AB61AEB5176CD3DD00C7306E /* Frameworks */,
				AB61AEB6176CD3DD00C7306E /* Resources */,
			);
			buildRules = (
			);
			dependencies = (
			);
			name = SpeakerMesh;
			productName = SpeakerMesh;
			productReference = AB61AEB8176CD3DD00C7306E /* SpeakerMesh.app */;
			productType = "com.apple.product-type.application";
		};
		AB61AED8176CD3DD00C7306E /* SpeakerMeshTests */ = {
			isa = PBXNativeTarget;
			buildConfigurationList = AB61AEED176CD3DD00C7306E /* Build configuration list for PBXNativeTarget "SpeakerMeshTests" */;
			buildPhases = (
				AB61AED5176CD3DD00C7306E /* Sources */,
				AB61AED6176CD3DD00C7306E /* Frameworks */,
				AB61AED7176CD3DD00C7306E /* Resources */,
			);
			buildRules = (
			);
			dependencies = (
				AB61AEDF176CD3DD00C7306E /* PBXTargetDependency */,
			);
			name = SpeakerMeshTests;
			productName = SpeakerMeshTests;
			productReference = AB61AED9176CD3DD00C7306E /* SpeakerMeshTests.xctest */;
			productType = "com.apple.product-type.bundle.unit-test";
		};
/* End PBXNativeTarget section */

/* Begin PBXProject section */
		AB61AEB0176CD3DD00C7306E /* Project object */ = {
			isa = PBXProject;
			attributes = {
				CLASSPREFIX = SPM;
				LastUpgradeCheck = 0500;
				ORGANIZATIONNAME = HackDayTeamAwesome;
				TargetAttributes = {
					AB61AEB7176CD3DD00C7306E = {
						SystemCapabilities = {
							com.apple.BackgroundModes = {
								enabled = 1;
							};
						};
					};
					AB61AED8176CD3DD00C7306E = {
						TestTargetID = AB61AEB7176CD3DD00C7306E;
					};
				};
			};
			buildConfigurationList = AB61AEB3176CD3DD00C7306E /* Build configuration list for PBXProject "SpeakerMesh" */;
			compatibilityVersion = "Xcode 3.2";
			developmentRegion = English;
			hasScannedForEncodings = 0;
			knownRegions = (
				en,
				Base,
			);
			mainGroup = AB61AEAF176CD3DD00C7306E;
			productRefGroup = AB61AEB9176CD3DD00C7306E /* Products */;
			projectDirPath = "";
			projectRoot = "";
			targets = (
				AB61AEB7176CD3DD00C7306E /* SpeakerMesh */,
				AB61AED8176CD3DD00C7306E /* SpeakerMeshTests */,
			);
		};
/* End PBXProject section */

/* Begin PBXResourcesBuildPhase section */
		AB61AEB6176CD3DD00C7306E /* Resources */ = {
			isa = PBXResourcesBuildPhase;
			buildActionMask = 2147483647;
			files = (
				AB61AEF7176CDDFF00C7306E /* 04 - Johnny Cash - Folsom Prison Blues [Live].mp3 in Resources */,
				AB61AED4176CD3DD00C7306E /* Images.xcassets in Resources */,
				AB61AEC6176CD3DD00C7306E /* InfoPlist.strings in Resources */,
				AB61AECF176CD3DD00C7306E /* Main.storyboard in Resources */,
			);
			runOnlyForDeploymentPostprocessing = 0;
		};
		AB61AED7176CD3DD00C7306E /* Resources */ = {
			isa = PBXResourcesBuildPhase;
			buildActionMask = 2147483647;
			files = (
				AB61AEE5176CD3DD00C7306E /* InfoPlist.strings in Resources */,
			);
			runOnlyForDeploymentPostprocessing = 0;
		};
/* End PBXResourcesBuildPhase section */

/* Begin PBXSourcesBuildPhase section */
		AB61AEB4176CD3DD00C7306E /* Sources */ = {
			isa = PBXSourcesBuildPhase;
			buildActionMask = 2147483647;
			files = (
				AB61AED2176CD3DD00C7306E /* SPMMainViewController.m in Sources */,
				AB61AEC8176CD3DD00C7306E /* main.m in Sources */,
				AB61AECC176CD3DD00C7306E /* SPMAppDelegate.m in Sources */,
				AB61AEF5176CDD3D00C7306E /* SPMClientViewController.m in Sources */,
				AB61AEF4176CDD2400C7306E /* SPMSpeakerViewController.m in Sources */,
			);
			runOnlyForDeploymentPostprocessing = 0;
		};
		AB61AED5176CD3DD00C7306E /* Sources */ = {
			isa = PBXSourcesBuildPhase;
			buildActionMask = 2147483647;
			files = (
				AB61AEE7176CD3DD00C7306E /* SpeakerMeshTests.m in Sources */,
			);
			runOnlyForDeploymentPostprocessing = 0;
		};
/* End PBXSourcesBuildPhase section */

/* Begin PBXTargetDependency section */
		AB61AEDF176CD3DD00C7306E /* PBXTargetDependency */ = {
			isa = PBXTargetDependency;
			target = AB61AEB7176CD3DD00C7306E /* SpeakerMesh */;
			targetProxy = AB61AEDE176CD3DD00C7306E /* PBXContainerItemProxy */;
		};
/* End PBXTargetDependency section */

/* Begin PBXVariantGroup section */
		AB61AEC4176CD3DD00C7306E /* InfoPlist.strings */ = {
			isa = PBXVariantGroup;
			children = (
				AB61AEC5176CD3DD00C7306E /* en */,
			);
			name = InfoPlist.strings;
			sourceTree = "<group>";
		};
		AB61AECD176CD3DD00C7306E /* Main.storyboard */ = {
			isa = PBXVariantGroup;
			children = (
				AB61AECE176CD3DD00C7306E /* Base */,
			);
			name = Main.storyboard;
			sourceTree = "<group>";
		};
		AB61AEE3176CD3DD00C7306E /* InfoPlist.strings */ = {
			isa = PBXVariantGroup;
			children = (
				AB61AEE4176CD3DD00C7306E /* en */,
			);
			name = InfoPlist.strings;
			sourceTree = "<group>";
		};
/* End PBXVariantGroup section */

/* Begin XCBuildConfiguration section */
		AB61AEE8176CD3DD00C7306E /* Debug */ = {
			isa = XCBuildConfiguration;
			buildSettings = {
				ALWAYS_SEARCH_USER_PATHS = NO;
				CLANG_CXX_LANGUAGE_STANDARD = "gnu++0x";
				CLANG_CXX_LIBRARY = "libc++";
				CLANG_ENABLE_MODULES = YES;
				CLANG_ENABLE_OBJC_ARC = YES;
				CLANG_WARN_BOOL_CONVERSION = YES;
				CLANG_WARN_CONSTANT_CONVERSION = YES;
				CLANG_WARN_DIRECT_OBJC_ISA_USAGE = YES_ERROR;
				CLANG_WARN_EMPTY_BODY = YES;
				CLANG_WARN_ENUM_CONVERSION = YES;
				CLANG_WARN_INT_CONVERSION = YES;
				CLANG_WARN_OBJC_ROOT_CLASS = YES_ERROR;
				CLANG_WARN__DUPLICATE_METHOD_MATCH = YES;
				"CODE_SIGN_IDENTITY[sdk=iphoneos*]" = "iPhone Developer";
				COPY_PHASE_STRIP = NO;
				GCC_C_LANGUAGE_STANDARD = gnu99;
				GCC_DYNAMIC_NO_PIC = NO;
				GCC_OPTIMIZATION_LEVEL = 0;
				GCC_PREPROCESSOR_DEFINITIONS = (
					"DEBUG=1",
					"$(inherited)",
				);
				GCC_SYMBOLS_PRIVATE_EXTERN = NO;
				GCC_WARN_ABOUT_RETURN_TYPE = YES_ERROR;
				GCC_WARN_UNDECLARED_SELECTOR = YES;
				GCC_WARN_UNINITIALIZED_AUTOS = YES;
				GCC_WARN_UNUSED_FUNCTION = YES;
				GCC_WARN_UNUSED_VARIABLE = YES;
				IPHONEOS_DEPLOYMENT_TARGET = 7.0;
				ONLY_ACTIVE_ARCH = YES;
				SDKROOT = iphoneos;
			};
			name = Debug;
		};
		AB61AEE9176CD3DD00C7306E /* Release */ = {
			isa = XCBuildConfiguration;
			buildSettings = {
				ALWAYS_SEARCH_USER_PATHS = NO;
				CLANG_CXX_LANGUAGE_STANDARD = "gnu++0x";
				CLANG_CXX_LIBRARY = "libc++";
				CLANG_ENABLE_MODULES = YES;
				CLANG_ENABLE_OBJC_ARC = YES;
				CLANG_WARN_BOOL_CONVERSION = YES;
				CLANG_WARN_CONSTANT_CONVERSION = YES;
				CLANG_WARN_DIRECT_OBJC_ISA_USAGE = YES_ERROR;
				CLANG_WARN_EMPTY_BODY = YES;
				CLANG_WARN_ENUM_CONVERSION = YES;
				CLANG_WARN_INT_CONVERSION = YES;
				CLANG_WARN_OBJC_ROOT_CLASS = YES_ERROR;
				CLANG_WARN__DUPLICATE_METHOD_MATCH = YES;
				"CODE_SIGN_IDENTITY[sdk=iphoneos*]" = "iPhone Developer";
				COPY_PHASE_STRIP = YES;
				ENABLE_NS_ASSERTIONS = NO;
				GCC_C_LANGUAGE_STANDARD = gnu99;
				GCC_WARN_ABOUT_RETURN_TYPE = YES_ERROR;
				GCC_WARN_UNDECLARED_SELECTOR = YES;
				GCC_WARN_UNINITIALIZED_AUTOS = YES;
				GCC_WARN_UNUSED_FUNCTION = YES;
				GCC_WARN_UNUSED_VARIABLE = YES;
				IPHONEOS_DEPLOYMENT_TARGET = 7.0;
				SDKROOT = iphoneos;
				VALIDATE_PRODUCT = YES;
			};
			name = Release;
		};
		AB61AEEB176CD3DD00C7306E /* Debug */ = {
			isa = XCBuildConfiguration;
			buildSettings = {
				ASSETCATALOG_COMPILER_APPICON_NAME = AppIcon;
				ASSETCATALOG_COMPILER_LAUNCHIMAGE_NAME = LaunchImage;
				GCC_PRECOMPILE_PREFIX_HEADER = YES;
				GCC_PREFIX_HEADER = "SpeakerMesh/SpeakerMesh-Prefix.pch";
				INFOPLIST_FILE = "SpeakerMesh/SpeakerMesh-Info.plist";
				PRODUCT_NAME = "$(TARGET_NAME)";
				WRAPPER_EXTENSION = app;
			};
			name = Debug;
		};
		AB61AEEC176CD3DD00C7306E /* Release */ = {
			isa = XCBuildConfiguration;
			buildSettings = {
				ASSETCATALOG_COMPILER_APPICON_NAME = AppIcon;
				ASSETCATALOG_COMPILER_LAUNCHIMAGE_NAME = LaunchImage;
				GCC_PRECOMPILE_PREFIX_HEADER = YES;
				GCC_PREFIX_HEADER = "SpeakerMesh/SpeakerMesh-Prefix.pch";
				INFOPLIST_FILE = "SpeakerMesh/SpeakerMesh-Info.plist";
				PRODUCT_NAME = "$(TARGET_NAME)";
				WRAPPER_EXTENSION = app;
			};
			name = Release;
		};
		AB61AEEE176CD3DD00C7306E /* Debug */ = {
			isa = XCBuildConfiguration;
			buildSettings = {
				BUNDLE_LOADER = "$(BUILT_PRODUCTS_DIR)/SpeakerMesh.app/SpeakerMesh";
				FRAMEWORK_SEARCH_PATHS = (
					"$(SDKROOT)/Developer/Library/Frameworks",
					"$(inherited)",
					"$(SYSTEM_APPS_DIR)/Xcode5-DP.app/Contents/Developer/Library/Frameworks",
				);
				GCC_PRECOMPILE_PREFIX_HEADER = YES;
				GCC_PREFIX_HEADER = "SpeakerMesh/SpeakerMesh-Prefix.pch";
				GCC_PREPROCESSOR_DEFINITIONS = (
					"DEBUG=1",
					"$(inherited)",
				);
				INFOPLIST_FILE = "SpeakerMeshTests/SpeakerMeshTests-Info.plist";
				PRODUCT_NAME = "$(TARGET_NAME)";
				TEST_HOST = "$(BUNDLE_LOADER)";
				WRAPPER_EXTENSION = xctest;
			};
			name = Debug;
		};
		AB61AEEF176CD3DD00C7306E /* Release */ = {
			isa = XCBuildConfiguration;
			buildSettings = {
				BUNDLE_LOADER = "$(BUILT_PRODUCTS_DIR)/SpeakerMesh.app/SpeakerMesh";
				FRAMEWORK_SEARCH_PATHS = (
					"$(SDKROOT)/Developer/Library/Frameworks",
					"$(inherited)",
					"$(SYSTEM_APPS_DIR)/Xcode5-DP.app/Contents/Developer/Library/Frameworks",
				);
				GCC_PRECOMPILE_PREFIX_HEADER = YES;
				GCC_PREFIX_HEADER = "SpeakerMesh/SpeakerMesh-Prefix.pch";
				INFOPLIST_FILE = "SpeakerMeshTests/SpeakerMeshTests-Info.plist";
				PRODUCT_NAME = "$(TARGET_NAME)";
				TEST_HOST = "$(BUNDLE_LOADER)";
				WRAPPER_EXTENSION = xctest;
			};
			name = Release;
		};
/* End XCBuildConfiguration section */

/* Begin XCConfigurationList section */
		AB61AEB3176CD3DD00C7306E /* Build configuration list for PBXProject "SpeakerMesh" */ = {
			isa = XCConfigurationList;
			buildConfigurations = (
				AB61AEE8176CD3DD00C7306E /* Debug */,
				AB61AEE9176CD3DD00C7306E /* Release */,
			);
			defaultConfigurationIsVisible = 0;
			defaultConfigurationName = Release;
		};
		AB61AEEA176CD3DD00C7306E /* Build configuration list for PBXNativeTarget "SpeakerMesh" */ = {
			isa = XCConfigurationList;
			buildConfigurations = (
				AB61AEEB176CD3DD00C7306E /* Debug */,
				AB61AEEC176CD3DD00C7306E /* Release */,
			);
			defaultConfigurationIsVisible = 0;
		};
		AB61AEED176CD3DD00C7306E /* Build configuration list for PBXNativeTarget "SpeakerMeshTests" */ = {
			isa = XCConfigurationList;
			buildConfigurations = (
				AB61AEEE176CD3DD00C7306E /* Debug */,
				AB61AEEF176CD3DD00C7306E /* Release */,
			);
			defaultConfigurationIsVisible = 0;
		};
/* End XCConfigurationList section */
	};
	rootObject = AB61AEB0176CD3DD00C7306E /* Project object */;
}
